// !$*UTF8*$!
{
	archiveVersion = 1;
	classes = {
	};
	objectVersion = 56;
	objects = {

/* Begin PBXBuildFile section */
		171275732B9CC597008E2BA9 /* ExchangeViewController.swift in Sources */ = {isa = PBXBuildFile; fileRef = 171275722B9CC597008E2BA9 /* ExchangeViewController.swift */; };
		171275752B9CCB05008E2BA9 /* StatisticViewController.swift in Sources */ = {isa = PBXBuildFile; fileRef = 171275742B9CCB05008E2BA9 /* StatisticViewController.swift */; };
		171275782B9CCF3A008E2BA9 /* UIColorExtension.swift in Sources */ = {isa = PBXBuildFile; fileRef = 171275772B9CCF39008E2BA9 /* UIColorExtension.swift */; };
		1712757A2B9CD275008E2BA9 /* StatisticView.swift in Sources */ = {isa = PBXBuildFile; fileRef = 171275792B9CD275008E2BA9 /* StatisticView.swift */; };
		1712757C2B9CD3CF008E2BA9 /* ExchangeView.swift in Sources */ = {isa = PBXBuildFile; fileRef = 1712757B2B9CD3CF008E2BA9 /* ExchangeView.swift */; };
		171D7BF72B9881CA00C50B32 /* AppDelegate.swift in Sources */ = {isa = PBXBuildFile; fileRef = 171D7BF62B9881CA00C50B32 /* AppDelegate.swift */; };
		171D7BF92B9881CA00C50B32 /* SceneDelegate.swift in Sources */ = {isa = PBXBuildFile; fileRef = 171D7BF82B9881CA00C50B32 /* SceneDelegate.swift */; };
		171D7BFB2B9881CA00C50B32 /* MenuViewController.swift in Sources */ = {isa = PBXBuildFile; fileRef = 171D7BFA2B9881CA00C50B32 /* MenuViewController.swift */; };
		171D7C012B9881CA00C50B32 /* FinanceTracker.xcdatamodeld in Sources */ = {isa = PBXBuildFile; fileRef = 171D7BFF2B9881CA00C50B32 /* FinanceTracker.xcdatamodeld */; };
		171D7C032B9881CC00C50B32 /* Assets.xcassets in Resources */ = {isa = PBXBuildFile; fileRef = 171D7C022B9881CC00C50B32 /* Assets.xcassets */; };
		171D7C062B9881CC00C50B32 /* LaunchScreen.storyboard in Resources */ = {isa = PBXBuildFile; fileRef = 171D7C042B9881CC00C50B32 /* LaunchScreen.storyboard */; };
		171D7C112B9881CC00C50B32 /* FinanceTrackerTests.swift in Sources */ = {isa = PBXBuildFile; fileRef = 171D7C102B9881CC00C50B32 /* FinanceTrackerTests.swift */; };
		171D7C1B2B9881CC00C50B32 /* FinanceTrackerUITests.swift in Sources */ = {isa = PBXBuildFile; fileRef = 171D7C1A2B9881CC00C50B32 /* FinanceTrackerUITests.swift */; };
		171D7C1D2B9881CC00C50B32 /* FinanceTrackerUITestsLaunchTests.swift in Sources */ = {isa = PBXBuildFile; fileRef = 171D7C1C2B9881CC00C50B32 /* FinanceTrackerUITestsLaunchTests.swift */; };
		171D7C2F2B9883C400C50B32 /* MenuView.swift in Sources */ = {isa = PBXBuildFile; fileRef = 171D7C2E2B9883C400C50B32 /* MenuView.swift */; };
		171D7C332B98A9A900C50B32 /* NetworkErrors.swift in Sources */ = {isa = PBXBuildFile; fileRef = 171D7C322B98A9A900C50B32 /* NetworkErrors.swift */; };
		171D7C352B98A9F600C50B32 /* NetworkManager.swift in Sources */ = {isa = PBXBuildFile; fileRef = 171D7C342B98A9F600C50B32 /* NetworkManager.swift */; };
		171D7C382B98AFAC00C50B32 /* SingleUser.swift in Sources */ = {isa = PBXBuildFile; fileRef = 171D7C372B98AFAC00C50B32 /* SingleUser.swift */; };
		17468A8F2B99EDC0002713C5 /* CoreDataManager.swift in Sources */ = {isa = PBXBuildFile; fileRef = 17468A8E2B99EDC0002713C5 /* CoreDataManager.swift */; };
		17468A942B9A0A14002713C5 /* ApiService.swift in Sources */ = {isa = PBXBuildFile; fileRef = 17468A932B9A0A14002713C5 /* ApiService.swift */; };
		17468A962B9A19A2002713C5 /* ExchangeModel.swift in Sources */ = {isa = PBXBuildFile; fileRef = 17468A952B9A19A2002713C5 /* ExchangeModel.swift */; };
		17468A982B9A19C6002713C5 /* MoneyModel.swift in Sources */ = {isa = PBXBuildFile; fileRef = 17468A972B9A19C6002713C5 /* MoneyModel.swift */; };
		17468AA32B9B0B85002713C5 /* DataErrors.swift in Sources */ = {isa = PBXBuildFile; fileRef = 17468AA22B9B0B85002713C5 /* DataErrors.swift */; };
		17468AA52B9B2722002713C5 /* GoogleService-Info.plist in Resources */ = {isa = PBXBuildFile; fileRef = 17468AA42B9B2722002713C5 /* GoogleService-Info.plist */; };
		17468AA82B9B29AD002713C5 /* FirebaseAuth in Frameworks */ = {isa = PBXBuildFile; productRef = 17468AA72B9B29AD002713C5 /* FirebaseAuth */; };
		17468AAA2B9B29AD002713C5 /* FirebaseFirestore in Frameworks */ = {isa = PBXBuildFile; productRef = 17468AA92B9B29AD002713C5 /* FirebaseFirestore */; };
		17468AAC2B9B29AD002713C5 /* FirebaseStorage in Frameworks */ = {isa = PBXBuildFile; productRef = 17468AAB2B9B29AD002713C5 /* FirebaseStorage */; };
		17468AAE2B9B399B002713C5 /* RegistrViewController.swift in Sources */ = {isa = PBXBuildFile; fileRef = 17468AAD2B9B399B002713C5 /* RegistrViewController.swift */; };
		17468AB02B9B3DC2002713C5 /* RegView.swift in Sources */ = {isa = PBXBuildFile; fileRef = 17468AAF2B9B3DC2002713C5 /* RegView.swift */; };
		17468AB32B9B4BAB002713C5 /* AuthManager.swift in Sources */ = {isa = PBXBuildFile; fileRef = 17468AB22B9B4BAB002713C5 /* AuthManager.swift */; };
		17468AB82B9C74A7002713C5 /* GeneralViewController.swift in Sources */ = {isa = PBXBuildFile; fileRef = 17468AB72B9C74A7002713C5 /* GeneralViewController.swift */; };
		17468ABA2B9C74DC002713C5 /* InfoViewController.swift in Sources */ = {isa = PBXBuildFile; fileRef = 17468AB92B9C74DC002713C5 /* InfoViewController.swift */; };
		17468ABC2B9C7A5D002713C5 /* abosanova.ttf in Resources */ = {isa = PBXBuildFile; fileRef = 17468ABB2B9C7A5C002713C5 /* abosanova.ttf */; };
		17468ABE2B9C7AF1002713C5 /* Cinzel-VariableFont_wght.ttf in Resources */ = {isa = PBXBuildFile; fileRef = 17468ABD2B9C7AF1002713C5 /* Cinzel-VariableFont_wght.ttf */; };
		17468AC02B9C9A5A002713C5 /* GeneralView.swift in Sources */ = {isa = PBXBuildFile; fileRef = 17468ABF2B9C9A5A002713C5 /* GeneralView.swift */; };
		17468AC22B9CA0E9002713C5 /* MainTabBarController.swift in Sources */ = {isa = PBXBuildFile; fileRef = 17468AC12B9CA0E9002713C5 /* MainTabBarController.swift */; };
		17482ADD2BA0276A0071F62D /* Purchase.swift in Sources */ = {isa = PBXBuildFile; fileRef = 17482ADC2BA0276A0071F62D /* Purchase.swift */; };
		17482AEB2BA0839D0071F62D /* Request+CoreDataProperties.swift in Sources */ = {isa = PBXBuildFile; fileRef = 17482AE92BA0839D0071F62D /* Request+CoreDataProperties.swift */; };
		17482AED2BA0BEBB0071F62D /* CollectionViewCell.swift in Sources */ = {isa = PBXBuildFile; fileRef = 17482AEC2BA0BEBB0071F62D /* CollectionViewCell.swift */; };
		17482AF12BA0C3A50071F62D /* SourceTableView.swift in Sources */ = {isa = PBXBuildFile; fileRef = 17482AF02BA0C3A50071F62D /* SourceTableView.swift */; };
		175BE05F2B9E2C310082166B /* CollectionModel.swift in Sources */ = {isa = PBXBuildFile; fileRef = 175BE05E2B9E2C310082166B /* CollectionModel.swift */; };
		175BE0612B9E2D8B0082166B /* ExchangeCell.swift in Sources */ = {isa = PBXBuildFile; fileRef = 175BE0602B9E2D8B0082166B /* ExchangeCell.swift */; };
		175BE0632B9F3CB10082166B /* HomeVIewController.swift in Sources */ = {isa = PBXBuildFile; fileRef = 175BE0622B9F3CB10082166B /* HomeVIewController.swift */; };
		175BE0652B9F3FB60082166B /* HomeView.swift in Sources */ = {isa = PBXBuildFile; fileRef = 175BE0642B9F3FB60082166B /* HomeView.swift */; };
/* End PBXBuildFile section */

/* Begin PBXContainerItemProxy section */
		171D7C0D2B9881CC00C50B32 /* PBXContainerItemProxy */ = {
			isa = PBXContainerItemProxy;
			containerPortal = 171D7BEB2B9881CA00C50B32 /* Project object */;
			proxyType = 1;
			remoteGlobalIDString = 171D7BF22B9881CA00C50B32;
			remoteInfo = FinanceTracker;
		};
		171D7C172B9881CC00C50B32 /* PBXContainerItemProxy */ = {
			isa = PBXContainerItemProxy;
			containerPortal = 171D7BEB2B9881CA00C50B32 /* Project object */;
			proxyType = 1;
			remoteGlobalIDString = 171D7BF22B9881CA00C50B32;
			remoteInfo = FinanceTracker;
		};
/* End PBXContainerItemProxy section */

/* Begin PBXFileReference section */
		171275722B9CC597008E2BA9 /* ExchangeViewController.swift */ = {isa = PBXFileReference; lastKnownFileType = sourcecode.swift; path = ExchangeViewController.swift; sourceTree = "<group>"; };
		171275742B9CCB05008E2BA9 /* StatisticViewController.swift */ = {isa = PBXFileReference; lastKnownFileType = sourcecode.swift; path = StatisticViewController.swift; sourceTree = "<group>"; };
		171275772B9CCF39008E2BA9 /* UIColorExtension.swift */ = {isa = PBXFileReference; lastKnownFileType = sourcecode.swift; path = UIColorExtension.swift; sourceTree = "<group>"; };
		171275792B9CD275008E2BA9 /* StatisticView.swift */ = {isa = PBXFileReference; lastKnownFileType = sourcecode.swift; path = StatisticView.swift; sourceTree = "<group>"; };
		1712757B2B9CD3CF008E2BA9 /* ExchangeView.swift */ = {isa = PBXFileReference; lastKnownFileType = sourcecode.swift; path = ExchangeView.swift; sourceTree = "<group>"; };
		171D7BF32B9881CA00C50B32 /* FinanceTracker.app */ = {isa = PBXFileReference; explicitFileType = wrapper.application; includeInIndex = 0; path = FinanceTracker.app; sourceTree = BUILT_PRODUCTS_DIR; };
		171D7BF62B9881CA00C50B32 /* AppDelegate.swift */ = {isa = PBXFileReference; lastKnownFileType = sourcecode.swift; path = AppDelegate.swift; sourceTree = "<group>"; };
		171D7BF82B9881CA00C50B32 /* SceneDelegate.swift */ = {isa = PBXFileReference; lastKnownFileType = sourcecode.swift; path = SceneDelegate.swift; sourceTree = "<group>"; };
		171D7BFA2B9881CA00C50B32 /* MenuViewController.swift */ = {isa = PBXFileReference; lastKnownFileType = sourcecode.swift; path = MenuViewController.swift; sourceTree = "<group>"; };
		171D7C002B9881CA00C50B32 /* FinanceTracker.xcdatamodel */ = {isa = PBXFileReference; lastKnownFileType = wrapper.xcdatamodel; path = FinanceTracker.xcdatamodel; sourceTree = "<group>"; };
		171D7C022B9881CC00C50B32 /* Assets.xcassets */ = {isa = PBXFileReference; lastKnownFileType = folder.assetcatalog; path = Assets.xcassets; sourceTree = "<group>"; };
		171D7C052B9881CC00C50B32 /* Base */ = {isa = PBXFileReference; lastKnownFileType = file.storyboard; name = Base; path = Base.lproj/LaunchScreen.storyboard; sourceTree = "<group>"; };
		171D7C072B9881CC00C50B32 /* Info.plist */ = {isa = PBXFileReference; lastKnownFileType = text.plist.xml; path = Info.plist; sourceTree = "<group>"; };
		171D7C0C2B9881CC00C50B32 /* FinanceTrackerTests.xctest */ = {isa = PBXFileReference; explicitFileType = wrapper.cfbundle; includeInIndex = 0; path = FinanceTrackerTests.xctest; sourceTree = BUILT_PRODUCTS_DIR; };
		171D7C102B9881CC00C50B32 /* FinanceTrackerTests.swift */ = {isa = PBXFileReference; lastKnownFileType = sourcecode.swift; path = FinanceTrackerTests.swift; sourceTree = "<group>"; };
		171D7C162B9881CC00C50B32 /* FinanceTrackerUITests.xctest */ = {isa = PBXFileReference; explicitFileType = wrapper.cfbundle; includeInIndex = 0; path = FinanceTrackerUITests.xctest; sourceTree = BUILT_PRODUCTS_DIR; };
		171D7C1A2B9881CC00C50B32 /* FinanceTrackerUITests.swift */ = {isa = PBXFileReference; lastKnownFileType = sourcecode.swift; path = FinanceTrackerUITests.swift; sourceTree = "<group>"; };
		171D7C1C2B9881CC00C50B32 /* FinanceTrackerUITestsLaunchTests.swift */ = {isa = PBXFileReference; lastKnownFileType = sourcecode.swift; path = FinanceTrackerUITestsLaunchTests.swift; sourceTree = "<group>"; };
		171D7C2E2B9883C400C50B32 /* MenuView.swift */ = {isa = PBXFileReference; lastKnownFileType = sourcecode.swift; path = MenuView.swift; sourceTree = "<group>"; };
		171D7C322B98A9A900C50B32 /* NetworkErrors.swift */ = {isa = PBXFileReference; lastKnownFileType = sourcecode.swift; path = NetworkErrors.swift; sourceTree = "<group>"; };
		171D7C342B98A9F600C50B32 /* NetworkManager.swift */ = {isa = PBXFileReference; lastKnownFileType = sourcecode.swift; path = NetworkManager.swift; sourceTree = "<group>"; };
		171D7C372B98AFAC00C50B32 /* SingleUser.swift */ = {isa = PBXFileReference; lastKnownFileType = sourcecode.swift; path = SingleUser.swift; sourceTree = "<group>"; };
		17468A8E2B99EDC0002713C5 /* CoreDataManager.swift */ = {isa = PBXFileReference; lastKnownFileType = sourcecode.swift; path = CoreDataManager.swift; sourceTree = "<group>"; };
		17468A932B9A0A14002713C5 /* ApiService.swift */ = {isa = PBXFileReference; lastKnownFileType = sourcecode.swift; path = ApiService.swift; sourceTree = "<group>"; };
		17468A952B9A19A2002713C5 /* ExchangeModel.swift */ = {isa = PBXFileReference; lastKnownFileType = sourcecode.swift; path = ExchangeModel.swift; sourceTree = "<group>"; };
		17468A972B9A19C6002713C5 /* MoneyModel.swift */ = {isa = PBXFileReference; lastKnownFileType = sourcecode.swift; path = MoneyModel.swift; sourceTree = "<group>"; };
		17468AA22B9B0B85002713C5 /* DataErrors.swift */ = {isa = PBXFileReference; lastKnownFileType = sourcecode.swift; path = DataErrors.swift; sourceTree = "<group>"; };
		17468AA42B9B2722002713C5 /* GoogleService-Info.plist */ = {isa = PBXFileReference; fileEncoding = 4; lastKnownFileType = text.plist.xml; path = "GoogleService-Info.plist"; sourceTree = "<group>"; };
		17468AAD2B9B399B002713C5 /* RegistrViewController.swift */ = {isa = PBXFileReference; lastKnownFileType = sourcecode.swift; path = RegistrViewController.swift; sourceTree = "<group>"; };
		17468AAF2B9B3DC2002713C5 /* RegView.swift */ = {isa = PBXFileReference; lastKnownFileType = sourcecode.swift; path = RegView.swift; sourceTree = "<group>"; };
		17468AB22B9B4BAB002713C5 /* AuthManager.swift */ = {isa = PBXFileReference; lastKnownFileType = sourcecode.swift; path = AuthManager.swift; sourceTree = "<group>"; };
		17468AB72B9C74A7002713C5 /* GeneralViewController.swift */ = {isa = PBXFileReference; lastKnownFileType = sourcecode.swift; path = GeneralViewController.swift; sourceTree = "<group>"; };
		17468AB92B9C74DC002713C5 /* InfoViewController.swift */ = {isa = PBXFileReference; lastKnownFileType = sourcecode.swift; path = InfoViewController.swift; sourceTree = "<group>"; };
		17468ABB2B9C7A5C002713C5 /* abosanova.ttf */ = {isa = PBXFileReference; lastKnownFileType = file; path = abosanova.ttf; sourceTree = "<group>"; };
		17468ABD2B9C7AF1002713C5 /* Cinzel-VariableFont_wght.ttf */ = {isa = PBXFileReference; lastKnownFileType = file; path = "Cinzel-VariableFont_wght.ttf"; sourceTree = "<group>"; };
		17468ABF2B9C9A5A002713C5 /* GeneralView.swift */ = {isa = PBXFileReference; lastKnownFileType = sourcecode.swift; path = GeneralView.swift; sourceTree = "<group>"; };
		17468AC12B9CA0E9002713C5 /* MainTabBarController.swift */ = {isa = PBXFileReference; lastKnownFileType = sourcecode.swift; path = MainTabBarController.swift; sourceTree = "<group>"; };
		17482ADC2BA0276A0071F62D /* Purchase.swift */ = {isa = PBXFileReference; lastKnownFileType = sourcecode.swift; path = Purchase.swift; sourceTree = "<group>"; };
		17482AE92BA0839D0071F62D /* Request+CoreDataProperties.swift */ = {isa = PBXFileReference; lastKnownFileType = sourcecode.swift; path = "Request+CoreDataProperties.swift"; sourceTree = "<group>"; };
		17482AEC2BA0BEBB0071F62D /* CollectionViewCell.swift */ = {isa = PBXFileReference; lastKnownFileType = sourcecode.swift; path = CollectionViewCell.swift; sourceTree = "<group>"; };
		17482AF02BA0C3A50071F62D /* SourceTableView.swift */ = {isa = PBXFileReference; lastKnownFileType = sourcecode.swift; path = SourceTableView.swift; sourceTree = "<group>"; };
		175BE05E2B9E2C310082166B /* CollectionModel.swift */ = {isa = PBXFileReference; lastKnownFileType = sourcecode.swift; path = CollectionModel.swift; sourceTree = "<group>"; };
		175BE0602B9E2D8B0082166B /* ExchangeCell.swift */ = {isa = PBXFileReference; lastKnownFileType = sourcecode.swift; path = ExchangeCell.swift; sourceTree = "<group>"; };
		175BE0622B9F3CB10082166B /* HomeVIewController.swift */ = {isa = PBXFileReference; lastKnownFileType = sourcecode.swift; path = HomeVIewController.swift; sourceTree = "<group>"; };
		175BE0642B9F3FB60082166B /* HomeView.swift */ = {isa = PBXFileReference; lastKnownFileType = sourcecode.swift; path = HomeView.swift; sourceTree = "<group>"; };
/* End PBXFileReference section */

/* Begin PBXFrameworksBuildPhase section */
		171D7BF02B9881CA00C50B32 /* Frameworks */ = {
			isa = PBXFrameworksBuildPhase;
			buildActionMask = 2147483647;
			files = (
				17468AA82B9B29AD002713C5 /* FirebaseAuth in Frameworks */,
				17468AAA2B9B29AD002713C5 /* FirebaseFirestore in Frameworks */,
				17468AAC2B9B29AD002713C5 /* FirebaseStorage in Frameworks */,
			);
			runOnlyForDeploymentPostprocessing = 0;
		};
		171D7C092B9881CC00C50B32 /* Frameworks */ = {
			isa = PBXFrameworksBuildPhase;
			buildActionMask = 2147483647;
			files = (
			);
			runOnlyForDeploymentPostprocessing = 0;
		};
		171D7C132B9881CC00C50B32 /* Frameworks */ = {
			isa = PBXFrameworksBuildPhase;
			buildActionMask = 2147483647;
			files = (
			);
			runOnlyForDeploymentPostprocessing = 0;
		};
/* End PBXFrameworksBuildPhase section */

/* Begin PBXGroup section */
		171275712B9CC571008E2BA9 /* TabBarControllers */ = {
			isa = PBXGroup;
			children = (
				17468AC12B9CA0E9002713C5 /* MainTabBarController.swift */,
				17468AB72B9C74A7002713C5 /* GeneralViewController.swift */,
				171275722B9CC597008E2BA9 /* ExchangeViewController.swift */,
				171275742B9CCB05008E2BA9 /* StatisticViewController.swift */,
			);
			path = TabBarControllers;
			sourceTree = "<group>";
		};
		171275762B9CCF25008E2BA9 /* extensions */ = {
			isa = PBXGroup;
			children = (
				171275772B9CCF39008E2BA9 /* UIColorExtension.swift */,
			);
			path = extensions;
			sourceTree = "<group>";
		};
		171D7BEA2B9881CA00C50B32 = {
			isa = PBXGroup;
			children = (
				171D7BF52B9881CA00C50B32 /* FinanceTracker */,
				171D7C0F2B9881CC00C50B32 /* FinanceTrackerTests */,
				171D7C192B9881CC00C50B32 /* FinanceTrackerUITests */,
				171D7BF42B9881CA00C50B32 /* Products */,
			);
			sourceTree = "<group>";
		};
		171D7BF42B9881CA00C50B32 /* Products */ = {
			isa = PBXGroup;
			children = (
				171D7BF32B9881CA00C50B32 /* FinanceTracker.app */,
				171D7C0C2B9881CC00C50B32 /* FinanceTrackerTests.xctest */,
				171D7C162B9881CC00C50B32 /* FinanceTrackerUITests.xctest */,
			);
			name = Products;
			sourceTree = "<group>";
		};
		171D7BF52B9881CA00C50B32 /* FinanceTracker */ = {
			isa = PBXGroup;
			children = (
				17468AB62B9C616D002713C5 /* CoreData */,
				17468A9B2B9A44FC002713C5 /* Resources */,
				171D7C362B98AF9500C50B32 /* Models */,
				171D7C292B9881DE00C50B32 /* Application */,
				171D7C2B2B98820900C50B32 /* Settings */,
				171D7C302B98A98700C50B32 /* Services */,
				171D7C2D2B9883B500C50B32 /* Views */,
				171D7C2A2B9881EF00C50B32 /* Controllers */,
			);
			path = FinanceTracker;
			sourceTree = "<group>";
		};
		171D7C0F2B9881CC00C50B32 /* FinanceTrackerTests */ = {
			isa = PBXGroup;
			children = (
				171D7C102B9881CC00C50B32 /* FinanceTrackerTests.swift */,
			);
			path = FinanceTrackerTests;
			sourceTree = "<group>";
		};
		171D7C192B9881CC00C50B32 /* FinanceTrackerUITests */ = {
			isa = PBXGroup;
			children = (
				171D7C1A2B9881CC00C50B32 /* FinanceTrackerUITests.swift */,
				171D7C1C2B9881CC00C50B32 /* FinanceTrackerUITestsLaunchTests.swift */,
			);
			path = FinanceTrackerUITests;
			sourceTree = "<group>";
		};
		171D7C292B9881DE00C50B32 /* Application */ = {
			isa = PBXGroup;
			children = (
				171D7BF82B9881CA00C50B32 /* SceneDelegate.swift */,
				171D7BF62B9881CA00C50B32 /* AppDelegate.swift */,
			);
			path = Application;
			sourceTree = "<group>";
		};
		171D7C2A2B9881EF00C50B32 /* Controllers */ = {
			isa = PBXGroup;
			children = (
				171275712B9CC571008E2BA9 /* TabBarControllers */,
				171D7BFA2B9881CA00C50B32 /* MenuViewController.swift */,
				17468AAD2B9B399B002713C5 /* RegistrViewController.swift */,
				17468AB92B9C74DC002713C5 /* InfoViewController.swift */,
				175BE0622B9F3CB10082166B /* HomeVIewController.swift */,
			);
			path = Controllers;
			sourceTree = "<group>";
		};
		171D7C2B2B98820900C50B32 /* Settings */ = {
			isa = PBXGroup;
			children = (
				171D7C072B9881CC00C50B32 /* Info.plist */,
				171D7C042B9881CC00C50B32 /* LaunchScreen.storyboard */,
				171D7C022B9881CC00C50B32 /* Assets.xcassets */,
			);
			path = Settings;
			sourceTree = "<group>";
		};
		171D7C2D2B9883B500C50B32 /* Views */ = {
			isa = PBXGroup;
			children = (
				171275762B9CCF25008E2BA9 /* extensions */,
				171D7C2E2B9883C400C50B32 /* MenuView.swift */,
				17468AAF2B9B3DC2002713C5 /* RegView.swift */,
				17468ABF2B9C9A5A002713C5 /* GeneralView.swift */,
				171275792B9CD275008E2BA9 /* StatisticView.swift */,
				1712757B2B9CD3CF008E2BA9 /* ExchangeView.swift */,
				175BE0602B9E2D8B0082166B /* ExchangeCell.swift */,
				175BE0642B9F3FB60082166B /* HomeView.swift */,
				17482AEC2BA0BEBB0071F62D /* CollectionViewCell.swift */,
			);
			path = Views;
			sourceTree = "<group>";
		};
		171D7C302B98A98700C50B32 /* Services */ = {
			isa = PBXGroup;
			children = (
				17468AB12B9B4B99002713C5 /* AuthService */,
				17468A8B2B99ED88002713C5 /* StorageManager */,
				171D7C312B98A98E00C50B32 /* NetworkService */,
			);
			path = Services;
			sourceTree = "<group>";
		};
		171D7C312B98A98E00C50B32 /* NetworkService */ = {
			isa = PBXGroup;
			children = (
				17468A922B9A09F3002713C5 /* NetworkManager */,
				17468A912B9A09E4002713C5 /* ApiService */,
				17468A902B9A09D5002713C5 /* NetworkModel */,
			);
			path = NetworkService;
			sourceTree = "<group>";
		};
		171D7C362B98AF9500C50B32 /* Models */ = {
			isa = PBXGroup;
			children = (
				171D7C372B98AFAC00C50B32 /* SingleUser.swift */,
				175BE05E2B9E2C310082166B /* CollectionModel.swift */,
				17482ADC2BA0276A0071F62D /* Purchase.swift */,
				17482AF02BA0C3A50071F62D /* SourceTableView.swift */,
			);
			path = Models;
			sourceTree = "<group>";
		};
		17468A8B2B99ED88002713C5 /* StorageManager */ = {
			isa = PBXGroup;
			children = (
				17468A8E2B99EDC0002713C5 /* CoreDataManager.swift */,
				17468AA22B9B0B85002713C5 /* DataErrors.swift */,
			);
			path = StorageManager;
			sourceTree = "<group>";
		};
		17468A902B9A09D5002713C5 /* NetworkModel */ = {
			isa = PBXGroup;
			children = (
				17468A952B9A19A2002713C5 /* ExchangeModel.swift */,
				17468A972B9A19C6002713C5 /* MoneyModel.swift */,
			);
			path = NetworkModel;
			sourceTree = "<group>";
		};
		17468A912B9A09E4002713C5 /* ApiService */ = {
			isa = PBXGroup;
			children = (
				17468A932B9A0A14002713C5 /* ApiService.swift */,
			);
			path = ApiService;
			sourceTree = "<group>";
		};
		17468A922B9A09F3002713C5 /* NetworkManager */ = {
			isa = PBXGroup;
			children = (
				171D7C322B98A9A900C50B32 /* NetworkErrors.swift */,
				171D7C342B98A9F600C50B32 /* NetworkManager.swift */,
			);
			path = NetworkManager;
			sourceTree = "<group>";
		};
		17468A9B2B9A44FC002713C5 /* Resources */ = {
			isa = PBXGroup;
			children = (
				17468ABD2B9C7AF1002713C5 /* Cinzel-VariableFont_wght.ttf */,
				17468ABB2B9C7A5C002713C5 /* abosanova.ttf */,
			);
			path = Resources;
			sourceTree = "<group>";
		};
		17468AB12B9B4B99002713C5 /* AuthService */ = {
			isa = PBXGroup;
			children = (
				17468AB22B9B4BAB002713C5 /* AuthManager.swift */,
			);
			path = AuthService;
			sourceTree = "<group>";
		};
		17468AB62B9C616D002713C5 /* CoreData */ = {
			isa = PBXGroup;
			children = (
				17482AE92BA0839D0071F62D /* Request+CoreDataProperties.swift */,
				17468AA42B9B2722002713C5 /* GoogleService-Info.plist */,
				171D7BFF2B9881CA00C50B32 /* FinanceTracker.xcdatamodeld */,
			);
			path = CoreData;
			sourceTree = "<group>";
		};
/* End PBXGroup section */

/* Begin PBXNativeTarget section */
		171D7BF22B9881CA00C50B32 /* FinanceTracker */ = {
			isa = PBXNativeTarget;
			buildConfigurationList = 171D7C202B9881CC00C50B32 /* Build configuration list for PBXNativeTarget "FinanceTracker" */;
			buildPhases = (
				171D7BEF2B9881CA00C50B32 /* Sources */,
				171D7BF02B9881CA00C50B32 /* Frameworks */,
				171D7BF12B9881CA00C50B32 /* Resources */,
			);
			buildRules = (
			);
			dependencies = (
			);
			name = FinanceTracker;
			packageProductDependencies = (
				17468AA72B9B29AD002713C5 /* FirebaseAuth */,
				17468AA92B9B29AD002713C5 /* FirebaseFirestore */,
				17468AAB2B9B29AD002713C5 /* FirebaseStorage */,
			);
			productName = FinanceTracker;
			productReference = 171D7BF32B9881CA00C50B32 /* FinanceTracker.app */;
			productType = "com.apple.product-type.application";
		};
		171D7C0B2B9881CC00C50B32 /* FinanceTrackerTests */ = {
			isa = PBXNativeTarget;
			buildConfigurationList = 171D7C232B9881CC00C50B32 /* Build configuration list for PBXNativeTarget "FinanceTrackerTests" */;
			buildPhases = (
				171D7C082B9881CC00C50B32 /* Sources */,
				171D7C092B9881CC00C50B32 /* Frameworks */,
				171D7C0A2B9881CC00C50B32 /* Resources */,
			);
			buildRules = (
			);
			dependencies = (
				171D7C0E2B9881CC00C50B32 /* PBXTargetDependency */,
			);
			name = FinanceTrackerTests;
			productName = FinanceTrackerTests;
			productReference = 171D7C0C2B9881CC00C50B32 /* FinanceTrackerTests.xctest */;
			productType = "com.apple.product-type.bundle.unit-test";
		};
		171D7C152B9881CC00C50B32 /* FinanceTrackerUITests */ = {
			isa = PBXNativeTarget;
			buildConfigurationList = 171D7C262B9881CC00C50B32 /* Build configuration list for PBXNativeTarget "FinanceTrackerUITests" */;
			buildPhases = (
				171D7C122B9881CC00C50B32 /* Sources */,
				171D7C132B9881CC00C50B32 /* Frameworks */,
				171D7C142B9881CC00C50B32 /* Resources */,
			);
			buildRules = (
			);
			dependencies = (
				171D7C182B9881CC00C50B32 /* PBXTargetDependency */,
			);
			name = FinanceTrackerUITests;
			productName = FinanceTrackerUITests;
			productReference = 171D7C162B9881CC00C50B32 /* FinanceTrackerUITests.xctest */;
			productType = "com.apple.product-type.bundle.ui-testing";
		};
/* End PBXNativeTarget section */

/* Begin PBXProject section */
		171D7BEB2B9881CA00C50B32 /* Project object */ = {
			isa = PBXProject;
			attributes = {
				BuildIndependentTargetsInParallel = 1;
				LastSwiftUpdateCheck = 1500;
				LastUpgradeCheck = 1500;
				TargetAttributes = {
					171D7BF22B9881CA00C50B32 = {
						CreatedOnToolsVersion = 15.0;
					};
					171D7C0B2B9881CC00C50B32 = {
						CreatedOnToolsVersion = 15.0;
						TestTargetID = 171D7BF22B9881CA00C50B32;
					};
					171D7C152B9881CC00C50B32 = {
						CreatedOnToolsVersion = 15.0;
						TestTargetID = 171D7BF22B9881CA00C50B32;
					};
				};
			};
			buildConfigurationList = 171D7BEE2B9881CA00C50B32 /* Build configuration list for PBXProject "FinanceTracker" */;
			compatibilityVersion = "Xcode 14.0";
			developmentRegion = en;
			hasScannedForEncodings = 0;
			knownRegions = (
				en,
				Base,
			);
			mainGroup = 171D7BEA2B9881CA00C50B32;
			packageReferences = (
				17468AA62B9B29AD002713C5 /* XCRemoteSwiftPackageReference "firebase-ios-sdk" */,
			);
			productRefGroup = 171D7BF42B9881CA00C50B32 /* Products */;
			projectDirPath = "";
			projectRoot = "";
			targets = (
				171D7BF22B9881CA00C50B32 /* FinanceTracker */,
				171D7C0B2B9881CC00C50B32 /* FinanceTrackerTests */,
				171D7C152B9881CC00C50B32 /* FinanceTrackerUITests */,
			);
		};
/* End PBXProject section */

/* Begin PBXResourcesBuildPhase section */
		171D7BF12B9881CA00C50B32 /* Resources */ = {
			isa = PBXResourcesBuildPhase;
			buildActionMask = 2147483647;
			files = (
				171D7C062B9881CC00C50B32 /* LaunchScreen.storyboard in Resources */,
				171D7C032B9881CC00C50B32 /* Assets.xcassets in Resources */,
				17468AA52B9B2722002713C5 /* GoogleService-Info.plist in Resources */,
				17468ABE2B9C7AF1002713C5 /* Cinzel-VariableFont_wght.ttf in Resources */,
				17468ABC2B9C7A5D002713C5 /* abosanova.ttf in Resources */,
			);
			runOnlyForDeploymentPostprocessing = 0;
		};
		171D7C0A2B9881CC00C50B32 /* Resources */ = {
			isa = PBXResourcesBuildPhase;
			buildActionMask = 2147483647;
			files = (
			);
			runOnlyForDeploymentPostprocessing = 0;
		};
		171D7C142B9881CC00C50B32 /* Resources */ = {
			isa = PBXResourcesBuildPhase;
			buildActionMask = 2147483647;
			files = (
			);
			runOnlyForDeploymentPostprocessing = 0;
		};
/* End PBXResourcesBuildPhase section */

/* Begin PBXSourcesBuildPhase section */
		171D7BEF2B9881CA00C50B32 /* Sources */ = {
			isa = PBXSourcesBuildPhase;
			buildActionMask = 2147483647;
			files = (
				171D7C2F2B9883C400C50B32 /* MenuView.swift in Sources */,
				17468AB02B9B3DC2002713C5 /* RegView.swift in Sources */,
				171D7BFB2B9881CA00C50B32 /* MenuViewController.swift in Sources */,
				175BE0652B9F3FB60082166B /* HomeView.swift in Sources */,
				171D7BF72B9881CA00C50B32 /* AppDelegate.swift in Sources */,
				171D7C352B98A9F600C50B32 /* NetworkManager.swift in Sources */,
				171D7C382B98AFAC00C50B32 /* SingleUser.swift in Sources */,
				171275752B9CCB05008E2BA9 /* StatisticViewController.swift in Sources */,
				171D7BF92B9881CA00C50B32 /* SceneDelegate.swift in Sources */,
				17482ADD2BA0276A0071F62D /* Purchase.swift in Sources */,
				175BE0612B9E2D8B0082166B /* ExchangeCell.swift in Sources */,
				17468AB32B9B4BAB002713C5 /* AuthManager.swift in Sources */,
				17468A962B9A19A2002713C5 /* ExchangeModel.swift in Sources */,
				1712757C2B9CD3CF008E2BA9 /* ExchangeView.swift in Sources */,
				171275782B9CCF3A008E2BA9 /* UIColorExtension.swift in Sources */,
				175BE0632B9F3CB10082166B /* HomeVIewController.swift in Sources */,
				17468A942B9A0A14002713C5 /* ApiService.swift in Sources */,
				175BE05F2B9E2C310082166B /* CollectionModel.swift in Sources */,
				17468A982B9A19C6002713C5 /* MoneyModel.swift in Sources */,
				17468AAE2B9B399B002713C5 /* RegistrViewController.swift in Sources */,
				17468AC02B9C9A5A002713C5 /* GeneralView.swift in Sources */,
				17468AA32B9B0B85002713C5 /* DataErrors.swift in Sources */,
				171D7C012B9881CA00C50B32 /* FinanceTracker.xcdatamodeld in Sources */,
				17468AB82B9C74A7002713C5 /* GeneralViewController.swift in Sources */,
				17468AC22B9CA0E9002713C5 /* MainTabBarController.swift in Sources */,
				17468A8F2B99EDC0002713C5 /* CoreDataManager.swift in Sources */,
				17482AED2BA0BEBB0071F62D /* CollectionViewCell.swift in Sources */,
				1712757A2B9CD275008E2BA9 /* StatisticView.swift in Sources */,
				171D7C332B98A9A900C50B32 /* NetworkErrors.swift in Sources */,
				17468ABA2B9C74DC002713C5 /* InfoViewController.swift in Sources */,
				17482AEB2BA0839D0071F62D /* Request+CoreDataProperties.swift in Sources */,
				17482AF12BA0C3A50071F62D /* SourceTableView.swift in Sources */,
				171275732B9CC597008E2BA9 /* ExchangeViewController.swift in Sources */,
			);
			runOnlyForDeploymentPostprocessing = 0;
		};
		171D7C082B9881CC00C50B32 /* Sources */ = {
			isa = PBXSourcesBuildPhase;
			buildActionMask = 2147483647;
			files = (
				171D7C112B9881CC00C50B32 /* FinanceTrackerTests.swift in Sources */,
			);
			runOnlyForDeploymentPostprocessing = 0;
		};
		171D7C122B9881CC00C50B32 /* Sources */ = {
			isa = PBXSourcesBuildPhase;
			buildActionMask = 2147483647;
			files = (
				171D7C1D2B9881CC00C50B32 /* FinanceTrackerUITestsLaunchTests.swift in Sources */,
				171D7C1B2B9881CC00C50B32 /* FinanceTrackerUITests.swift in Sources */,
			);
			runOnlyForDeploymentPostprocessing = 0;
		};
/* End PBXSourcesBuildPhase section */

/* Begin PBXTargetDependency section */
		171D7C0E2B9881CC00C50B32 /* PBXTargetDependency */ = {
			isa = PBXTargetDependency;
			target = 171D7BF22B9881CA00C50B32 /* FinanceTracker */;
			targetProxy = 171D7C0D2B9881CC00C50B32 /* PBXContainerItemProxy */;
		};
		171D7C182B9881CC00C50B32 /* PBXTargetDependency */ = {
			isa = PBXTargetDependency;
			target = 171D7BF22B9881CA00C50B32 /* FinanceTracker */;
			targetProxy = 171D7C172B9881CC00C50B32 /* PBXContainerItemProxy */;
		};
/* End PBXTargetDependency section */

/* Begin PBXVariantGroup section */
		171D7C042B9881CC00C50B32 /* LaunchScreen.storyboard */ = {
			isa = PBXVariantGroup;
			children = (
				171D7C052B9881CC00C50B32 /* Base */,
			);
			name = LaunchScreen.storyboard;
			sourceTree = "<group>";
		};
/* End PBXVariantGroup section */

/* Begin XCBuildConfiguration section */
		171D7C1E2B9881CC00C50B32 /* Debug */ = {
			isa = XCBuildConfiguration;
			buildSettings = {
				ALWAYS_SEARCH_USER_PATHS = NO;
				ASSETCATALOG_COMPILER_GENERATE_SWIFT_ASSET_SYMBOL_EXTENSIONS = YES;
				CLANG_ANALYZER_NONNULL = YES;
				CLANG_ANALYZER_NUMBER_OBJECT_CONVERSION = YES_AGGRESSIVE;
				CLANG_CXX_LANGUAGE_STANDARD = "gnu++20";
				CLANG_ENABLE_MODULES = YES;
				CLANG_ENABLE_OBJC_ARC = YES;
				CLANG_ENABLE_OBJC_WEAK = YES;
				CLANG_WARN_BLOCK_CAPTURE_AUTORELEASING = YES;
				CLANG_WARN_BOOL_CONVERSION = YES;
				CLANG_WARN_COMMA = YES;
				CLANG_WARN_CONSTANT_CONVERSION = YES;
				CLANG_WARN_DEPRECATED_OBJC_IMPLEMENTATIONS = YES;
				CLANG_WARN_DIRECT_OBJC_ISA_USAGE = YES_ERROR;
				CLANG_WARN_DOCUMENTATION_COMMENTS = YES;
				CLANG_WARN_EMPTY_BODY = YES;
				CLANG_WARN_ENUM_CONVERSION = YES;
				CLANG_WARN_INFINITE_RECURSION = YES;
				CLANG_WARN_INT_CONVERSION = YES;
				CLANG_WARN_NON_LITERAL_NULL_CONVERSION = YES;
				CLANG_WARN_OBJC_IMPLICIT_RETAIN_SELF = YES;
				CLANG_WARN_OBJC_LITERAL_CONVERSION = YES;
				CLANG_WARN_OBJC_ROOT_CLASS = YES_ERROR;
				CLANG_WARN_QUOTED_INCLUDE_IN_FRAMEWORK_HEADER = YES;
				CLANG_WARN_RANGE_LOOP_ANALYSIS = YES;
				CLANG_WARN_STRICT_PROTOTYPES = YES;
				CLANG_WARN_SUSPICIOUS_MOVE = YES;
				CLANG_WARN_UNGUARDED_AVAILABILITY = YES_AGGRESSIVE;
				CLANG_WARN_UNREACHABLE_CODE = YES;
				CLANG_WARN__DUPLICATE_METHOD_MATCH = YES;
				COPY_PHASE_STRIP = NO;
				DEBUG_INFORMATION_FORMAT = dwarf;
				ENABLE_STRICT_OBJC_MSGSEND = YES;
				ENABLE_TESTABILITY = YES;
				ENABLE_USER_SCRIPT_SANDBOXING = YES;
				GCC_C_LANGUAGE_STANDARD = gnu17;
				GCC_DYNAMIC_NO_PIC = NO;
				GCC_NO_COMMON_BLOCKS = YES;
				GCC_OPTIMIZATION_LEVEL = 0;
				GCC_PREPROCESSOR_DEFINITIONS = (
					"DEBUG=1",
					"$(inherited)",
				);
				GCC_WARN_64_TO_32_BIT_CONVERSION = YES;
				GCC_WARN_ABOUT_RETURN_TYPE = YES_ERROR;
				GCC_WARN_UNDECLARED_SELECTOR = YES;
				GCC_WARN_UNINITIALIZED_AUTOS = YES_AGGRESSIVE;
				GCC_WARN_UNUSED_FUNCTION = YES;
				GCC_WARN_UNUSED_VARIABLE = YES;
				IPHONEOS_DEPLOYMENT_TARGET = 17.0;
				LOCALIZATION_PREFERS_STRING_CATALOGS = YES;
				MTL_ENABLE_DEBUG_INFO = INCLUDE_SOURCE;
				MTL_FAST_MATH = YES;
				ONLY_ACTIVE_ARCH = YES;
				SDKROOT = iphoneos;
				SWIFT_ACTIVE_COMPILATION_CONDITIONS = "DEBUG $(inherited)";
				SWIFT_OPTIMIZATION_LEVEL = "-Onone";
			};
			name = Debug;
		};
		171D7C1F2B9881CC00C50B32 /* Release */ = {
			isa = XCBuildConfiguration;
			buildSettings = {
				ALWAYS_SEARCH_USER_PATHS = NO;
				ASSETCATALOG_COMPILER_GENERATE_SWIFT_ASSET_SYMBOL_EXTENSIONS = YES;
				CLANG_ANALYZER_NONNULL = YES;
				CLANG_ANALYZER_NUMBER_OBJECT_CONVERSION = YES_AGGRESSIVE;
				CLANG_CXX_LANGUAGE_STANDARD = "gnu++20";
				CLANG_ENABLE_MODULES = YES;
				CLANG_ENABLE_OBJC_ARC = YES;
				CLANG_ENABLE_OBJC_WEAK = YES;
				CLANG_WARN_BLOCK_CAPTURE_AUTORELEASING = YES;
				CLANG_WARN_BOOL_CONVERSION = YES;
				CLANG_WARN_COMMA = YES;
				CLANG_WARN_CONSTANT_CONVERSION = YES;
				CLANG_WARN_DEPRECATED_OBJC_IMPLEMENTATIONS = YES;
				CLANG_WARN_DIRECT_OBJC_ISA_USAGE = YES_ERROR;
				CLANG_WARN_DOCUMENTATION_COMMENTS = YES;
				CLANG_WARN_EMPTY_BODY = YES;
				CLANG_WARN_ENUM_CONVERSION = YES;
				CLANG_WARN_INFINITE_RECURSION = YES;
				CLANG_WARN_INT_CONVERSION = YES;
				CLANG_WARN_NON_LITERAL_NULL_CONVERSION = YES;
				CLANG_WARN_OBJC_IMPLICIT_RETAIN_SELF = YES;
				CLANG_WARN_OBJC_LITERAL_CONVERSION = YES;
				CLANG_WARN_OBJC_ROOT_CLASS = YES_ERROR;
				CLANG_WARN_QUOTED_INCLUDE_IN_FRAMEWORK_HEADER = YES;
				CLANG_WARN_RANGE_LOOP_ANALYSIS = YES;
				CLANG_WARN_STRICT_PROTOTYPES = YES;
				CLANG_WARN_SUSPICIOUS_MOVE = YES;
				CLANG_WARN_UNGUARDED_AVAILABILITY = YES_AGGRESSIVE;
				CLANG_WARN_UNREACHABLE_CODE = YES;
				CLANG_WARN__DUPLICATE_METHOD_MATCH = YES;
				COPY_PHASE_STRIP = NO;
				DEBUG_INFORMATION_FORMAT = "dwarf-with-dsym";
				ENABLE_NS_ASSERTIONS = NO;
				ENABLE_STRICT_OBJC_MSGSEND = YES;
				ENABLE_USER_SCRIPT_SANDBOXING = YES;
				GCC_C_LANGUAGE_STANDARD = gnu17;
				GCC_NO_COMMON_BLOCKS = YES;
				GCC_WARN_64_TO_32_BIT_CONVERSION = YES;
				GCC_WARN_ABOUT_RETURN_TYPE = YES_ERROR;
				GCC_WARN_UNDECLARED_SELECTOR = YES;
				GCC_WARN_UNINITIALIZED_AUTOS = YES_AGGRESSIVE;
				GCC_WARN_UNUSED_FUNCTION = YES;
				GCC_WARN_UNUSED_VARIABLE = YES;
				IPHONEOS_DEPLOYMENT_TARGET = 17.0;
				LOCALIZATION_PREFERS_STRING_CATALOGS = YES;
				MTL_ENABLE_DEBUG_INFO = NO;
				MTL_FAST_MATH = YES;
				SDKROOT = iphoneos;
				SWIFT_COMPILATION_MODE = wholemodule;
				VALIDATE_PRODUCT = YES;
			};
			name = Release;
		};
		171D7C212B9881CC00C50B32 /* Debug */ = {
			isa = XCBuildConfiguration;
			buildSettings = {
				ASSETCATALOG_COMPILER_APPICON_NAME = AppIcon;
				ASSETCATALOG_COMPILER_GLOBAL_ACCENT_COLOR_NAME = AccentColor;
				CODE_SIGN_STYLE = Automatic;
				CURRENT_PROJECT_VERSION = 1;
				DEVELOPMENT_TEAM = Z96X7GW9YS;
				GENERATE_INFOPLIST_FILE = YES;
				INFOPLIST_FILE = FinanceTracker/Settings/Info.plist;
				INFOPLIST_KEY_UIApplicationSupportsIndirectInputEvents = YES;
				INFOPLIST_KEY_UILaunchStoryboardName = LaunchScreen;
				INFOPLIST_KEY_UISupportedInterfaceOrientations_iPad = "UIInterfaceOrientationPortrait UIInterfaceOrientationPortraitUpsideDown UIInterfaceOrientationLandscapeLeft UIInterfaceOrientationLandscapeRight";
				INFOPLIST_KEY_UISupportedInterfaceOrientations_iPhone = "UIInterfaceOrientationPortrait UIInterfaceOrientationLandscapeLeft UIInterfaceOrientationLandscapeRight";
				IPHONEOS_DEPLOYMENT_TARGET = 16.0;
				LD_RUNPATH_SEARCH_PATHS = (
					"$(inherited)",
					"@executable_path/Frameworks",
				);
				MARKETING_VERSION = 1.0;
				PRODUCT_BUNDLE_IDENTIFIER = Andrey.FinanceTracker;
				PRODUCT_NAME = "$(TARGET_NAME)";
				SWIFT_EMIT_LOC_STRINGS = YES;
				SWIFT_VERSION = 5.0;
				TARGETED_DEVICE_FAMILY = "1,2";
			};
			name = Debug;
		};
		171D7C222B9881CC00C50B32 /* Release */ = {
			isa = XCBuildConfiguration;
			buildSettings = {
				ASSETCATALOG_COMPILER_APPICON_NAME = AppIcon;
				ASSETCATALOG_COMPILER_GLOBAL_ACCENT_COLOR_NAME = AccentColor;
				CODE_SIGN_STYLE = Automatic;
				CURRENT_PROJECT_VERSION = 1;
				DEVELOPMENT_TEAM = Z96X7GW9YS;
				GENERATE_INFOPLIST_FILE = YES;
				INFOPLIST_FILE = FinanceTracker/Settings/Info.plist;
				INFOPLIST_KEY_UIApplicationSupportsIndirectInputEvents = YES;
				INFOPLIST_KEY_UILaunchStoryboardName = LaunchScreen;
				INFOPLIST_KEY_UISupportedInterfaceOrientations_iPad = "UIInterfaceOrientationPortrait UIInterfaceOrientationPortraitUpsideDown UIInterfaceOrientationLandscapeLeft UIInterfaceOrientationLandscapeRight";
				INFOPLIST_KEY_UISupportedInterfaceOrientations_iPhone = "UIInterfaceOrientationPortrait UIInterfaceOrientationLandscapeLeft UIInterfaceOrientationLandscapeRight";
				IPHONEOS_DEPLOYMENT_TARGET = 16.0;
				LD_RUNPATH_SEARCH_PATHS = (
					"$(inherited)",
					"@executable_path/Frameworks",
				);
				MARKETING_VERSION = 1.0;
				PRODUCT_BUNDLE_IDENTIFIER = Andrey.FinanceTracker;
				PRODUCT_NAME = "$(TARGET_NAME)";
				SWIFT_EMIT_LOC_STRINGS = YES;
				SWIFT_VERSION = 5.0;
				TARGETED_DEVICE_FAMILY = "1,2";
			};
			name = Release;
		};
		171D7C242B9881CC00C50B32 /* Debug */ = {
			isa = XCBuildConfiguration;
			buildSettings = {
				ALWAYS_EMBED_SWIFT_STANDARD_LIBRARIES = YES;
				BUNDLE_LOADER = "$(TEST_HOST)";
				CODE_SIGN_STYLE = Automatic;
				CURRENT_PROJECT_VERSION = 1;
				DEVELOPMENT_TEAM = Z96X7GW9YS;
				GENERATE_INFOPLIST_FILE = YES;
				IPHONEOS_DEPLOYMENT_TARGET = 17.0;
				MARKETING_VERSION = 1.0;
				PRODUCT_BUNDLE_IDENTIFIER = Andrey.FinanceTrackerTests;
				PRODUCT_NAME = "$(TARGET_NAME)";
				SWIFT_EMIT_LOC_STRINGS = NO;
				SWIFT_VERSION = 5.0;
				TARGETED_DEVICE_FAMILY = "1,2";
				TEST_HOST = "$(BUILT_PRODUCTS_DIR)/FinanceTracker.app/$(BUNDLE_EXECUTABLE_FOLDER_PATH)/FinanceTracker";
			};
			name = Debug;
		};
		171D7C252B9881CC00C50B32 /* Release */ = {
			isa = XCBuildConfiguration;
			buildSettings = {
				ALWAYS_EMBED_SWIFT_STANDARD_LIBRARIES = YES;
				BUNDLE_LOADER = "$(TEST_HOST)";
				CODE_SIGN_STYLE = Automatic;
				CURRENT_PROJECT_VERSION = 1;
				DEVELOPMENT_TEAM = Z96X7GW9YS;
				GENERATE_INFOPLIST_FILE = YES;
				IPHONEOS_DEPLOYMENT_TARGET = 17.0;
				MARKETING_VERSION = 1.0;
				PRODUCT_BUNDLE_IDENTIFIER = Andrey.FinanceTrackerTests;
				PRODUCT_NAME = "$(TARGET_NAME)";
				SWIFT_EMIT_LOC_STRINGS = NO;
				SWIFT_VERSION = 5.0;
				TARGETED_DEVICE_FAMILY = "1,2";
				TEST_HOST = "$(BUILT_PRODUCTS_DIR)/FinanceTracker.app/$(BUNDLE_EXECUTABLE_FOLDER_PATH)/FinanceTracker";
			};
			name = Release;
		};
		171D7C272B9881CC00C50B32 /* Debug */ = {
			isa = XCBuildConfiguration;
			buildSettings = {
				ALWAYS_EMBED_SWIFT_STANDARD_LIBRARIES = YES;
				CODE_SIGN_STYLE = Automatic;
				CURRENT_PROJECT_VERSION = 1;
				DEVELOPMENT_TEAM = Z96X7GW9YS;
				GENERATE_INFOPLIST_FILE = YES;
				MARKETING_VERSION = 1.0;
				PRODUCT_BUNDLE_IDENTIFIER = Andrey.FinanceTrackerUITests;
				PRODUCT_NAME = "$(TARGET_NAME)";
				SWIFT_EMIT_LOC_STRINGS = NO;
				SWIFT_VERSION = 5.0;
				TARGETED_DEVICE_FAMILY = "1,2";
				TEST_TARGET_NAME = FinanceTracker;
			};
			name = Debug;
		};
		171D7C282B9881CC00C50B32 /* Release */ = {
			isa = XCBuildConfiguration;
			buildSettings = {
				ALWAYS_EMBED_SWIFT_STANDARD_LIBRARIES = YES;
				CODE_SIGN_STYLE = Automatic;
				CURRENT_PROJECT_VERSION = 1;
				DEVELOPMENT_TEAM = Z96X7GW9YS;
				GENERATE_INFOPLIST_FILE = YES;
				MARKETING_VERSION = 1.0;
				PRODUCT_BUNDLE_IDENTIFIER = Andrey.FinanceTrackerUITests;
				PRODUCT_NAME = "$(TARGET_NAME)";
				SWIFT_EMIT_LOC_STRINGS = NO;
				SWIFT_VERSION = 5.0;
				TARGETED_DEVICE_FAMILY = "1,2";
				TEST_TARGET_NAME = FinanceTracker;
			};
			name = Release;
		};
/* End XCBuildConfiguration section */

/* Begin XCConfigurationList section */
		171D7BEE2B9881CA00C50B32 /* Build configuration list for PBXProject "FinanceTracker" */ = {
			isa = XCConfigurationList;
			buildConfigurations = (
				171D7C1E2B9881CC00C50B32 /* Debug */,
				171D7C1F2B9881CC00C50B32 /* Release */,
			);
			defaultConfigurationIsVisible = 0;
			defaultConfigurationName = Release;
		};
		171D7C202B9881CC00C50B32 /* Build configuration list for PBXNativeTarget "FinanceTracker" */ = {
			isa = XCConfigurationList;
			buildConfigurations = (
				171D7C212B9881CC00C50B32 /* Debug */,
				171D7C222B9881CC00C50B32 /* Release */,
			);
			defaultConfigurationIsVisible = 0;
			defaultConfigurationName = Release;
		};
		171D7C232B9881CC00C50B32 /* Build configuration list for PBXNativeTarget "FinanceTrackerTests" */ = {
			isa = XCConfigurationList;
			buildConfigurations = (
				171D7C242B9881CC00C50B32 /* Debug */,
				171D7C252B9881CC00C50B32 /* Release */,
			);
			defaultConfigurationIsVisible = 0;
			defaultConfigurationName = Release;
		};
		171D7C262B9881CC00C50B32 /* Build configuration list for PBXNativeTarget "FinanceTrackerUITests" */ = {
			isa = XCConfigurationList;
			buildConfigurations = (
				171D7C272B9881CC00C50B32 /* Debug */,
				171D7C282B9881CC00C50B32 /* Release */,
			);
			defaultConfigurationIsVisible = 0;
			defaultConfigurationName = Release;
		};
/* End XCConfigurationList section */

/* Begin XCRemoteSwiftPackageReference section */
		17468AA62B9B29AD002713C5 /* XCRemoteSwiftPackageReference "firebase-ios-sdk" */ = {
			isa = XCRemoteSwiftPackageReference;
			repositoryURL = "https://github.com/firebase/firebase-ios-sdk";
			requirement = {
				kind = upToNextMajorVersion;
				minimumVersion = 10.22.1;
			};
		};
/* End XCRemoteSwiftPackageReference section */

/* Begin XCSwiftPackageProductDependency section */
		17468AA72B9B29AD002713C5 /* FirebaseAuth */ = {
			isa = XCSwiftPackageProductDependency;
			package = 17468AA62B9B29AD002713C5 /* XCRemoteSwiftPackageReference "firebase-ios-sdk" */;
			productName = FirebaseAuth;
		};
		17468AA92B9B29AD002713C5 /* FirebaseFirestore */ = {
			isa = XCSwiftPackageProductDependency;
			package = 17468AA62B9B29AD002713C5 /* XCRemoteSwiftPackageReference "firebase-ios-sdk" */;
			productName = FirebaseFirestore;
		};
		17468AAB2B9B29AD002713C5 /* FirebaseStorage */ = {
			isa = XCSwiftPackageProductDependency;
			package = 17468AA62B9B29AD002713C5 /* XCRemoteSwiftPackageReference "firebase-ios-sdk" */;
			productName = FirebaseStorage;
		};
/* End XCSwiftPackageProductDependency section */

/* Begin XCVersionGroup section */
		171D7BFF2B9881CA00C50B32 /* FinanceTracker.xcdatamodeld */ = {
			isa = XCVersionGroup;
			children = (
				171D7C002B9881CA00C50B32 /* FinanceTracker.xcdatamodel */,
			);
			currentVersion = 171D7C002B9881CA00C50B32 /* FinanceTracker.xcdatamodel */;
			path = FinanceTracker.xcdatamodeld;
			sourceTree = "<group>";
			versionGroupType = wrapper.xcdatamodel;
		};
/* End XCVersionGroup section */
	};
	rootObject = 171D7BEB2B9881CA00C50B32 /* Project object */;
}
